
Microsoft Visual Studio Solution File, Format Version 12.00
# Visual Studio 2012
Project("{FAE04EC0-301F-11D3-BF4B-00C04F79EFBC}") = "Falsify.Core", "Falsify\Falsify.Core.csproj", "{A2529867-B985-4DB7-A032-7A98211880F4}"
EndProject
Project("{FAE04EC0-301F-11D3-BF4B-00C04F79EFBC}") = "Falsify.Encodings", "Falsify.Encodings\Falsify.Encodings.csproj", "{88A013B6-F951-47FB-AC0F-33FE0A072DC4}"
EndProject
Project("{FAE04EC0-301F-11D3-BF4B-00C04F79EFBC}") = "Falsify.Encodings.Tests", "Falsify.Encodings.Tests\Falsify.Encodings.Tests.csproj", "{CC7A3987-2654-44FD-96DB-2F8D39FB6EB5}"
EndProject
Global
	GlobalSection(SolutionConfigurationPlatforms) = preSolution
		Debug|Any CPU = Debug|Any CPU
		Release|Any CPU = Release|Any CPU
	EndGlobalSection
	GlobalSection(ProjectConfigurationPlatforms) = postSolution
		{A2529867-B985-4DB7-A032-7A98211880F4}.Debug|Any CPU.ActiveCfg = Debug|Any CPU
		{A2529867-B985-4DB7-A032-7A98211880F4}.Debug|Any CPU.Build.0 = Debug|Any CPU
		{A2529867-B985-4DB7-A032-7A98211880F4}.Release|Any CPU.ActiveCfg = Release|Any CPU
		{A2529867-B985-4DB7-A032-7A98211880F4}.Release|Any CPU.Build.0 = Release|Any CPU
		{88A013B6-F951-47FB-AC0F-33FE0A072DC4}.Debug|Any CPU.ActiveCfg = Debug|Any CPU
		{88A013B6-F951-47FB-AC0F-33FE0A072DC4}.Debug|Any CPU.Build.0 = Debug|Any CPU
		{88A013B6-F951-47FB-AC0F-33FE0A072DC4}.Release|Any CPU.ActiveCfg = Release|Any CPU
		{88A013B6-F951-47FB-AC0F-33FE0A072DC4}.Release|Any CPU.Build.0 = Release|Any CPU
		{CC7A3987-2654-44FD-96DB-2F8D39FB6EB5}.Debug|Any CPU.ActiveCfg = Debug|Any CPU
		{CC7A3987-2654-44FD-96DB-2F8D39FB6EB5}.Debug|Any CPU.Build.0 = Debug|Any CPU
		{CC7A3987-2654-44FD-96DB-2F8D39FB6EB5}.Release|Any CPU.ActiveCfg = Release|Any CPU
		{CC7A3987-2654-44FD-96DB-2F8D39FB6EB5}.Release|Any CPU.Build.0 = Release|Any CPU
	EndGlobalSection
EndGlobal
